
Microsoft Visual Studio Solution File, Format Version 12.00
# Visual Studio Version 16
VisualStudioVersion = 16.0.31205.134
MinimumVisualStudioVersion = 10.0.40219.1
Project("{9A19103F-16F7-4668-BE54-9A1E7A4F7556}") = "RobotBoundedInCircle", "RobotBoundedInCircle\RobotBoundedInCircle.csproj", "{F616C076-4C9B-4F4C-80A0-60901AD44C7F}"
EndProject
Project("{9A19103F-16F7-4668-BE54-9A1E7A4F7556}") = "NumberOfIslands", "NumberOfIslands\NumberOfIslands.csproj", "{5C4EB631-C2E8-4F6F-883A-47C690816C12}"
EndProject
Project("{9A19103F-16F7-4668-BE54-9A1E7A4F7556}") = "MergeIntervals", "MergeIntervals\MergeIntervals.csproj", "{D911E637-C3F5-4B12-8481-7FA74D5BA693}"
EndProject
Project("{9A19103F-16F7-4668-BE54-9A1E7A4F7556}") = "Sorts", "Sorts\Sorts.csproj", "{A6F72890-E3B7-4265-9B5F-5523D17A6588}"
EndProject
Project("{9A19103F-16F7-4668-BE54-9A1E7A4F7556}") = "AddTwoNumbers", "AddTwoNumbers\AddTwoNumbers.csproj", "{FD326748-AB33-4979-B9DA-22DC565F05E1}"
EndProject
Project("{FAE04EC0-301F-11D3-BF4B-00C04F79EFBC}") = "TrappingRainWater", "TrappingRainWater\TrappingRainWater.csproj", "{607E50C2-FE8B-483D-8E6B-9FEB146651E2}"
EndProject
Project("{FAE04EC0-301F-11D3-BF4B-00C04F79EFBC}") = "GCD", "GCD\GCD.csproj", "{DECE4612-3A2C-4B04-AD05-1094950BB517}"
EndProject
Global
	GlobalSection(SolutionConfigurationPlatforms) = preSolution
		Debug|Any CPU = Debug|Any CPU
		Release|Any CPU = Release|Any CPU
	EndGlobalSection
	GlobalSection(ProjectConfigurationPlatforms) = postSolution
		{F616C076-4C9B-4F4C-80A0-60901AD44C7F}.Debug|Any CPU.ActiveCfg = Debug|Any CPU
		{F616C076-4C9B-4F4C-80A0-60901AD44C7F}.Debug|Any CPU.Build.0 = Debug|Any CPU
		{F616C076-4C9B-4F4C-80A0-60901AD44C7F}.Release|Any CPU.ActiveCfg = Release|Any CPU
		{F616C076-4C9B-4F4C-80A0-60901AD44C7F}.Release|Any CPU.Build.0 = Release|Any CPU
		{5C4EB631-C2E8-4F6F-883A-47C690816C12}.Debug|Any CPU.ActiveCfg = Debug|Any CPU
		{5C4EB631-C2E8-4F6F-883A-47C690816C12}.Debug|Any CPU.Build.0 = Debug|Any CPU
		{5C4EB631-C2E8-4F6F-883A-47C690816C12}.Release|Any CPU.ActiveCfg = Release|Any CPU
		{5C4EB631-C2E8-4F6F-883A-47C690816C12}.Release|Any CPU.Build.0 = Release|Any CPU
		{D911E637-C3F5-4B12-8481-7FA74D5BA693}.Debug|Any CPU.ActiveCfg = Debug|Any CPU
		{D911E637-C3F5-4B12-8481-7FA74D5BA693}.Debug|Any CPU.Build.0 = Debug|Any CPU
		{D911E637-C3F5-4B12-8481-7FA74D5BA693}.Release|Any CPU.ActiveCfg = Release|Any CPU
		{D911E637-C3F5-4B12-8481-7FA74D5BA693}.Release|Any CPU.Build.0 = Release|Any CPU
		{A6F72890-E3B7-4265-9B5F-5523D17A6588}.Debug|Any CPU.ActiveCfg = Debug|Any CPU
		{A6F72890-E3B7-4265-9B5F-5523D17A6588}.Debug|Any CPU.Build.0 = Debug|Any CPU
		{A6F72890-E3B7-4265-9B5F-5523D17A6588}.Release|Any CPU.ActiveCfg = Release|Any CPU
		{A6F72890-E3B7-4265-9B5F-5523D17A6588}.Release|Any CPU.Build.0 = Release|Any CPU
		{FD326748-AB33-4979-B9DA-22DC565F05E1}.Debug|Any CPU.ActiveCfg = Debug|Any CPU
		{FD326748-AB33-4979-B9DA-22DC565F05E1}.Debug|Any CPU.Build.0 = Debug|Any CPU
		{FD326748-AB33-4979-B9DA-22DC565F05E1}.Release|Any CPU.ActiveCfg = Release|Any CPU
		{FD326748-AB33-4979-B9DA-22DC565F05E1}.Release|Any CPU.Build.0 = Release|Any CPU
		{607E50C2-FE8B-483D-8E6B-9FEB146651E2}.Debug|Any CPU.ActiveCfg = Debug|Any CPU
		{607E50C2-FE8B-483D-8E6B-9FEB146651E2}.Debug|Any CPU.Build.0 = Debug|Any CPU
		{607E50C2-FE8B-483D-8E6B-9FEB146651E2}.Release|Any CPU.ActiveCfg = Release|Any CPU
		{607E50C2-FE8B-483D-8E6B-9FEB146651E2}.Release|Any CPU.Build.0 = Release|Any CPU
		{DECE4612-3A2C-4B04-AD05-1094950BB517}.Debug|Any CPU.ActiveCfg = Debug|Any CPU
		{DECE4612-3A2C-4B04-AD05-1094950BB517}.Debug|Any CPU.Build.0 = Debug|Any CPU
		{DECE4612-3A2C-4B04-AD05-1094950BB517}.Release|Any CPU.ActiveCfg = Release|Any CPU
		{DECE4612-3A2C-4B04-AD05-1094950BB517}.Release|Any CPU.Build.0 = Release|Any CPU
	EndGlobalSection
	GlobalSection(SolutionProperties) = preSolution
		HideSolutionNode = FALSE
	EndGlobalSection
	GlobalSection(ExtensibilityGlobals) = postSolution
		SolutionGuid = {23B95F9E-A5B4-47D0-89D8-1E908FBF1086}
	EndGlobalSection
EndGlobal
