
Microsoft Visual Studio Solution File, Format Version 12.00
# Visual Studio Version 16
VisualStudioVersion = 16.0.31205.134
MinimumVisualStudioVersion = 10.0.40219.1
Project("{FAE04EC0-301F-11D3-BF4B-00C04F79EFBC}") = "RobotBoundedInCircle", "Algorithms\RobotBoundedInCircle.csproj", "{F616C076-4C9B-4F4C-80A0-60901AD44C7F}"
EndProject
Project("{FAE04EC0-301F-11D3-BF4B-00C04F79EFBC}") = "NumberOfIslands", "NumberOfIslands\NumberOfIslands.csproj", "{5C4EB631-C2E8-4F6F-883A-47C690816C12}"
EndProject
Global
	GlobalSection(SolutionConfigurationPlatforms) = preSolution
		Debug|Any CPU = Debug|Any CPU
		Release|Any CPU = Release|Any CPU
	EndGlobalSection
	GlobalSection(ProjectConfigurationPlatforms) = postSolution
		{F616C076-4C9B-4F4C-80A0-60901AD44C7F}.Debug|Any CPU.ActiveCfg = Debug|Any CPU
		{F616C076-4C9B-4F4C-80A0-60901AD44C7F}.Debug|Any CPU.Build.0 = Debug|Any CPU
		{F616C076-4C9B-4F4C-80A0-60901AD44C7F}.Release|Any CPU.ActiveCfg = Release|Any CPU
		{F616C076-4C9B-4F4C-80A0-60901AD44C7F}.Release|Any CPU.Build.0 = Release|Any CPU
		{5C4EB631-C2E8-4F6F-883A-47C690816C12}.Debug|Any CPU.ActiveCfg = Debug|Any CPU
		{5C4EB631-C2E8-4F6F-883A-47C690816C12}.Debug|Any CPU.Build.0 = Debug|Any CPU
		{5C4EB631-C2E8-4F6F-883A-47C690816C12}.Release|Any CPU.ActiveCfg = Release|Any CPU
		{5C4EB631-C2E8-4F6F-883A-47C690816C12}.Release|Any CPU.Build.0 = Release|Any CPU
	EndGlobalSection
	GlobalSection(SolutionProperties) = preSolution
		HideSolutionNode = FALSE
	EndGlobalSection
	GlobalSection(ExtensibilityGlobals) = postSolution
		SolutionGuid = {23B95F9E-A5B4-47D0-89D8-1E908FBF1086}
	EndGlobalSection
EndGlobal
